
Microsoft Visual Studio Solution File, Format Version 12.00
# Visual Studio 2013
VisualStudioVersion = 12.0.21005.1
MinimumVisualStudioVersion = 10.0.40219.1
Project("{2150E333-8FDC-42A3-9474-1A3956D46DE8}") = "1. ExistOnlyInOnePlatform", "1. ExistOnlyInOnePlatform", "{73B863B8-5BD1-42D6-987F-76A0B23583C7}"
EndProject
Project("{FAE04EC0-301F-11D3-BF4B-00C04F79EFBC}") = "ExistInOne.Win8.CS", "ExistInOne.Win8.CS\ExistInOne.Win8.CS.csproj", "{EBA2EA57-AE0B-475E-9CD0-D865A53073C4}"
EndProject
Project("{FAE04EC0-301F-11D3-BF4B-00C04F79EFBC}") = "ExistInOne.WP8.CS", "ExistInOne.WP8.CS\ExistInOne.WP8.CS.csproj", "{822217CD-AC85-40E8-9F29-A2EFA4ACEA51}"
EndProject
Project("{2150E333-8FDC-42A3-9474-1A3956D46DE8}") = "2. ExistWithDiff", "2. ExistWithDiff", "{B01C0C9B-F4A6-4724-9269-738C3FD76265}"
EndProject
Project("{FAE04EC0-301F-11D3-BF4B-00C04F79EFBC}") = "ExistWithDiff.WP8.CS", "ExistWithDiff.WP8.CS\ExistWithDiff.WP8.CS.csproj", "{DECDAAE8-8427-4CF2-94C8-79F00A67DE13}"
EndProject
Project("{2150E333-8FDC-42A3-9474-1A3956D46DE8}") = "5. PortableClassLib", "5. PortableClassLib", "{362B2991-A75E-4457-B52F-55F5E51F7ABE}"
EndProject
Project("{FAE04EC0-301F-11D3-BF4B-00C04F79EFBC}") = "PortableClassLib", "PortableClassLib\PortableClassLib.csproj", "{53003A0F-26C2-4BCC-8E8D-3810706CAC52}"
EndProject
Project("{FAE04EC0-301F-11D3-BF4B-00C04F79EFBC}") = "ExistWithDiff.Win8.CS", "ExistWithDiff.Win8.CS\ExistWithDiff.Win8.CS.csproj", "{5C4F896C-EEB1-4A47-B119-651B78383C62}"
EndProject
Project("{2150E333-8FDC-42A3-9474-1A3956D46DE8}") = "4. AddAsLink", "4. AddAsLink", "{B4B90AEF-A2C0-4675-A07C-340668AB62C6}"
EndProject
Project("{FAE04EC0-301F-11D3-BF4B-00C04F79EFBC}") = "AddAsLink.Win8.CS", "AddAsLink.Win8.CS\AddAsLink.Win8.CS.csproj", "{08DFD19B-2C9F-48D7-9D94-50A02F6EAD83}"
EndProject
Project("{2150E333-8FDC-42A3-9474-1A3956D46DE8}") = "Shared", "Shared", "{307D7BF2-5E4C-4BE0-B4E3-45D3DA16FF23}"
	ProjectSection(SolutionItems) = preProject
		AddAsLink.Shared\MyMath.cs = AddAsLink.Shared\MyMath.cs
	EndProjectSection
EndProject
Project("{FAE04EC0-301F-11D3-BF4B-00C04F79EFBC}") = "AddAsLink.WP8.CS", "AddAsLink.WP8.CS\AddAsLink.WP8.CS.csproj", "{87A58E96-92E9-4684-8329-06032BAC3BA7}"
EndProject
Project("{FAE04EC0-301F-11D3-BF4B-00C04F79EFBC}") = "UsingPortable.WP8.CS", "UsingPortable.WP8\UsingPortable.WP8.CS.csproj", "{99A48863-FBC6-4B86-9FEE-A7B2AE2886EE}"
EndProject
Project("{FAE04EC0-301F-11D3-BF4B-00C04F79EFBC}") = "UsingPortable.Win8.CS", "UsingPortable.Win8.CS\UsingPortable.Win8.CS.csproj", "{4C36935A-CFF6-4EA4-A516-81065BC71773}"
EndProject
Project("{2150E333-8FDC-42A3-9474-1A3956D46DE8}") = "6. Mix And DI", "6. Mix And DI", "{62489111-31AB-4EA4-84DD-48BC750A250C}"
EndProject
Project("{FAE04EC0-301F-11D3-BF4B-00C04F79EFBC}") = "MixAndDi.Shared", "MixAndDi.Shared\MixAndDi.Shared.csproj", "{F29745F3-78B8-4604-9B06-E1151DDD7510}"
EndProject
Project("{FAE04EC0-301F-11D3-BF4B-00C04F79EFBC}") = "MixAndDi.Win8.Lib", "MixAndDi.Win8Lib\MixAndDi.Win8.Lib.csproj", "{E47519E7-3208-4AF8-BA98-E5EFE39DBEAF}"
EndProject
Project("{FAE04EC0-301F-11D3-BF4B-00C04F79EFBC}") = "MixAndDi.Win8.App", "MixAndDi.Win8.App\MixAndDi.Win8.App.csproj", "{79EB480A-F6A4-421E-AD72-6803C8472BA2}"
EndProject
Project("{FAE04EC0-301F-11D3-BF4B-00C04F79EFBC}") = "MixAndDi.WP8.Lib", "MixAndDi.WP8.Lib\MixAndDi.WP8.Lib.csproj", "{C8891E3B-D2E8-44BA-B0C9-811AB6CA0ED9}"
EndProject
Project("{FAE04EC0-301F-11D3-BF4B-00C04F79EFBC}") = "MixAndDi.WP8.App", "MixAndDi.WP8.App\MixAndDi.WP8.App.csproj", "{DC2D7FD4-B754-41EB-93AE-C420AB21A1A4}"
EndProject
Project("{2150E333-8FDC-42A3-9474-1A3956D46DE8}") = "3. ExistButDoesntWork", "3. ExistButDoesntWork", "{84E8670A-F820-4B7C-AE5B-BCF01F508959}"
EndProject
Project("{FAE04EC0-301F-11D3-BF4B-00C04F79EFBC}") = "ExistButDoesntWork.WP8", "ExistButDoesntWork.WP8\ExistButDoesntWork.WP8.csproj", "{4373C15F-A365-4D2B-B97A-813A08EBA7FC}"
EndProject
Project("{FAE04EC0-301F-11D3-BF4B-00C04F79EFBC}") = "ExistButDoesntWork.Win8", "ExistButDoesntWork.Win8\ExistButDoesntWork.Win8.csproj", "{69012B87-FEA4-4409-8B03-D274D8F9EDFF}"
EndProject
Global
	GlobalSection(SolutionConfigurationPlatforms) = preSolution
		Debug|Any CPU = Debug|Any CPU
		Debug|ARM = Debug|ARM
		Debug|Mixed Platforms = Debug|Mixed Platforms
		Debug|Win32 = Debug|Win32
		Debug|x64 = Debug|x64
		Debug|x86 = Debug|x86
		Release|Any CPU = Release|Any CPU
		Release|ARM = Release|ARM
		Release|Mixed Platforms = Release|Mixed Platforms
		Release|Win32 = Release|Win32
		Release|x64 = Release|x64
		Release|x86 = Release|x86
	EndGlobalSection
	GlobalSection(ProjectConfigurationPlatforms) = postSolution
		{EBA2EA57-AE0B-475E-9CD0-D865A53073C4}.Debug|Any CPU.ActiveCfg = Debug|Any CPU
		{EBA2EA57-AE0B-475E-9CD0-D865A53073C4}.Debug|Any CPU.Build.0 = Debug|Any CPU
		{EBA2EA57-AE0B-475E-9CD0-D865A53073C4}.Debug|Any CPU.Deploy.0 = Debug|Any CPU
		{EBA2EA57-AE0B-475E-9CD0-D865A53073C4}.Debug|ARM.ActiveCfg = Debug|ARM
		{EBA2EA57-AE0B-475E-9CD0-D865A53073C4}.Debug|ARM.Build.0 = Debug|ARM
		{EBA2EA57-AE0B-475E-9CD0-D865A53073C4}.Debug|ARM.Deploy.0 = Debug|ARM
		{EBA2EA57-AE0B-475E-9CD0-D865A53073C4}.Debug|Mixed Platforms.ActiveCfg = Debug|x86
		{EBA2EA57-AE0B-475E-9CD0-D865A53073C4}.Debug|Mixed Platforms.Build.0 = Debug|x86
		{EBA2EA57-AE0B-475E-9CD0-D865A53073C4}.Debug|Mixed Platforms.Deploy.0 = Debug|x86
		{EBA2EA57-AE0B-475E-9CD0-D865A53073C4}.Debug|Win32.ActiveCfg = Debug|x86
		{EBA2EA57-AE0B-475E-9CD0-D865A53073C4}.Debug|Win32.Build.0 = Debug|x86
		{EBA2EA57-AE0B-475E-9CD0-D865A53073C4}.Debug|Win32.Deploy.0 = Debug|x86
		{EBA2EA57-AE0B-475E-9CD0-D865A53073C4}.Debug|x64.ActiveCfg = Debug|x64
		{EBA2EA57-AE0B-475E-9CD0-D865A53073C4}.Debug|x64.Build.0 = Debug|x64
		{EBA2EA57-AE0B-475E-9CD0-D865A53073C4}.Debug|x64.Deploy.0 = Debug|x64
		{EBA2EA57-AE0B-475E-9CD0-D865A53073C4}.Debug|x86.ActiveCfg = Debug|x86
		{EBA2EA57-AE0B-475E-9CD0-D865A53073C4}.Debug|x86.Build.0 = Debug|x86
		{EBA2EA57-AE0B-475E-9CD0-D865A53073C4}.Debug|x86.Deploy.0 = Debug|x86
		{EBA2EA57-AE0B-475E-9CD0-D865A53073C4}.Release|Any CPU.ActiveCfg = Release|Any CPU
		{EBA2EA57-AE0B-475E-9CD0-D865A53073C4}.Release|Any CPU.Build.0 = Release|Any CPU
		{EBA2EA57-AE0B-475E-9CD0-D865A53073C4}.Release|Any CPU.Deploy.0 = Release|Any CPU
		{EBA2EA57-AE0B-475E-9CD0-D865A53073C4}.Release|ARM.ActiveCfg = Release|ARM
		{EBA2EA57-AE0B-475E-9CD0-D865A53073C4}.Release|ARM.Build.0 = Release|ARM
		{EBA2EA57-AE0B-475E-9CD0-D865A53073C4}.Release|ARM.Deploy.0 = Release|ARM
		{EBA2EA57-AE0B-475E-9CD0-D865A53073C4}.Release|Mixed Platforms.ActiveCfg = Release|x86
		{EBA2EA57-AE0B-475E-9CD0-D865A53073C4}.Release|Mixed Platforms.Build.0 = Release|x86
		{EBA2EA57-AE0B-475E-9CD0-D865A53073C4}.Release|Mixed Platforms.Deploy.0 = Release|x86
		{EBA2EA57-AE0B-475E-9CD0-D865A53073C4}.Release|Win32.ActiveCfg = Release|x86
		{EBA2EA57-AE0B-475E-9CD0-D865A53073C4}.Release|Win32.Build.0 = Release|x86
		{EBA2EA57-AE0B-475E-9CD0-D865A53073C4}.Release|Win32.Deploy.0 = Release|x86
		{EBA2EA57-AE0B-475E-9CD0-D865A53073C4}.Release|x64.ActiveCfg = Release|x64
		{EBA2EA57-AE0B-475E-9CD0-D865A53073C4}.Release|x64.Build.0 = Release|x64
		{EBA2EA57-AE0B-475E-9CD0-D865A53073C4}.Release|x64.Deploy.0 = Release|x64
		{EBA2EA57-AE0B-475E-9CD0-D865A53073C4}.Release|x86.ActiveCfg = Release|x86
		{EBA2EA57-AE0B-475E-9CD0-D865A53073C4}.Release|x86.Build.0 = Release|x86
		{EBA2EA57-AE0B-475E-9CD0-D865A53073C4}.Release|x86.Deploy.0 = Release|x86
		{822217CD-AC85-40E8-9F29-A2EFA4ACEA51}.Debug|Any CPU.ActiveCfg = Debug|Any CPU
		{822217CD-AC85-40E8-9F29-A2EFA4ACEA51}.Debug|Any CPU.Build.0 = Debug|Any CPU
		{822217CD-AC85-40E8-9F29-A2EFA4ACEA51}.Debug|Any CPU.Deploy.0 = Debug|Any CPU
		{822217CD-AC85-40E8-9F29-A2EFA4ACEA51}.Debug|ARM.ActiveCfg = Debug|ARM
		{822217CD-AC85-40E8-9F29-A2EFA4ACEA51}.Debug|ARM.Build.0 = Debug|ARM
		{822217CD-AC85-40E8-9F29-A2EFA4ACEA51}.Debug|ARM.Deploy.0 = Debug|ARM
		{822217CD-AC85-40E8-9F29-A2EFA4ACEA51}.Debug|Mixed Platforms.ActiveCfg = Debug|x86
		{822217CD-AC85-40E8-9F29-A2EFA4ACEA51}.Debug|Mixed Platforms.Build.0 = Debug|x86
		{822217CD-AC85-40E8-9F29-A2EFA4ACEA51}.Debug|Mixed Platforms.Deploy.0 = Debug|x86
		{822217CD-AC85-40E8-9F29-A2EFA4ACEA51}.Debug|Win32.ActiveCfg = Debug|x86
		{822217CD-AC85-40E8-9F29-A2EFA4ACEA51}.Debug|Win32.Build.0 = Debug|x86
		{822217CD-AC85-40E8-9F29-A2EFA4ACEA51}.Debug|Win32.Deploy.0 = Debug|x86
		{822217CD-AC85-40E8-9F29-A2EFA4ACEA51}.Debug|x64.ActiveCfg = Debug|Any CPU
		{822217CD-AC85-40E8-9F29-A2EFA4ACEA51}.Debug|x86.ActiveCfg = Debug|x86
		{822217CD-AC85-40E8-9F29-A2EFA4ACEA51}.Debug|x86.Build.0 = Debug|x86
		{822217CD-AC85-40E8-9F29-A2EFA4ACEA51}.Debug|x86.Deploy.0 = Debug|x86
		{822217CD-AC85-40E8-9F29-A2EFA4ACEA51}.Release|Any CPU.ActiveCfg = Release|Any CPU
		{822217CD-AC85-40E8-9F29-A2EFA4ACEA51}.Release|Any CPU.Build.0 = Release|Any CPU
		{822217CD-AC85-40E8-9F29-A2EFA4ACEA51}.Release|Any CPU.Deploy.0 = Release|Any CPU
		{822217CD-AC85-40E8-9F29-A2EFA4ACEA51}.Release|ARM.ActiveCfg = Release|ARM
		{822217CD-AC85-40E8-9F29-A2EFA4ACEA51}.Release|ARM.Build.0 = Release|ARM
		{822217CD-AC85-40E8-9F29-A2EFA4ACEA51}.Release|ARM.Deploy.0 = Release|ARM
		{822217CD-AC85-40E8-9F29-A2EFA4ACEA51}.Release|Mixed Platforms.ActiveCfg = Release|x86
		{822217CD-AC85-40E8-9F29-A2EFA4ACEA51}.Release|Mixed Platforms.Build.0 = Release|x86
		{822217CD-AC85-40E8-9F29-A2EFA4ACEA51}.Release|Mixed Platforms.Deploy.0 = Release|x86
		{822217CD-AC85-40E8-9F29-A2EFA4ACEA51}.Release|Win32.ActiveCfg = Release|x86
		{822217CD-AC85-40E8-9F29-A2EFA4ACEA51}.Release|Win32.Build.0 = Release|x86
		{822217CD-AC85-40E8-9F29-A2EFA4ACEA51}.Release|Win32.Deploy.0 = Release|x86
		{822217CD-AC85-40E8-9F29-A2EFA4ACEA51}.Release|x64.ActiveCfg = Release|Any CPU
		{822217CD-AC85-40E8-9F29-A2EFA4ACEA51}.Release|x86.ActiveCfg = Release|x86
		{822217CD-AC85-40E8-9F29-A2EFA4ACEA51}.Release|x86.Build.0 = Release|x86
		{822217CD-AC85-40E8-9F29-A2EFA4ACEA51}.Release|x86.Deploy.0 = Release|x86
		{DECDAAE8-8427-4CF2-94C8-79F00A67DE13}.Debug|Any CPU.ActiveCfg = Debug|Any CPU
		{DECDAAE8-8427-4CF2-94C8-79F00A67DE13}.Debug|Any CPU.Build.0 = Debug|Any CPU
		{DECDAAE8-8427-4CF2-94C8-79F00A67DE13}.Debug|Any CPU.Deploy.0 = Debug|Any CPU
		{DECDAAE8-8427-4CF2-94C8-79F00A67DE13}.Debug|ARM.ActiveCfg = Debug|ARM
		{DECDAAE8-8427-4CF2-94C8-79F00A67DE13}.Debug|ARM.Build.0 = Debug|ARM
		{DECDAAE8-8427-4CF2-94C8-79F00A67DE13}.Debug|ARM.Deploy.0 = Debug|ARM
		{DECDAAE8-8427-4CF2-94C8-79F00A67DE13}.Debug|Mixed Platforms.ActiveCfg = Debug|x86
		{DECDAAE8-8427-4CF2-94C8-79F00A67DE13}.Debug|Mixed Platforms.Build.0 = Debug|x86
		{DECDAAE8-8427-4CF2-94C8-79F00A67DE13}.Debug|Mixed Platforms.Deploy.0 = Debug|x86
		{DECDAAE8-8427-4CF2-94C8-79F00A67DE13}.Debug|Win32.ActiveCfg = Debug|x86
		{DECDAAE8-8427-4CF2-94C8-79F00A67DE13}.Debug|Win32.Build.0 = Debug|x86
		{DECDAAE8-8427-4CF2-94C8-79F00A67DE13}.Debug|Win32.Deploy.0 = Debug|x86
		{DECDAAE8-8427-4CF2-94C8-79F00A67DE13}.Debug|x64.ActiveCfg = Debug|Any CPU
		{DECDAAE8-8427-4CF2-94C8-79F00A67DE13}.Debug|x86.ActiveCfg = Debug|x86
		{DECDAAE8-8427-4CF2-94C8-79F00A67DE13}.Debug|x86.Build.0 = Debug|x86
		{DECDAAE8-8427-4CF2-94C8-79F00A67DE13}.Debug|x86.Deploy.0 = Debug|x86
		{DECDAAE8-8427-4CF2-94C8-79F00A67DE13}.Release|Any CPU.ActiveCfg = Release|Any CPU
		{DECDAAE8-8427-4CF2-94C8-79F00A67DE13}.Release|Any CPU.Build.0 = Release|Any CPU
		{DECDAAE8-8427-4CF2-94C8-79F00A67DE13}.Release|Any CPU.Deploy.0 = Release|Any CPU
		{DECDAAE8-8427-4CF2-94C8-79F00A67DE13}.Release|ARM.ActiveCfg = Release|ARM
		{DECDAAE8-8427-4CF2-94C8-79F00A67DE13}.Release|ARM.Build.0 = Release|ARM
		{DECDAAE8-8427-4CF2-94C8-79F00A67DE13}.Release|ARM.Deploy.0 = Release|ARM
		{DECDAAE8-8427-4CF2-94C8-79F00A67DE13}.Release|Mixed Platforms.ActiveCfg = Release|x86
		{DECDAAE8-8427-4CF2-94C8-79F00A67DE13}.Release|Mixed Platforms.Build.0 = Release|x86
		{DECDAAE8-8427-4CF2-94C8-79F00A67DE13}.Release|Mixed Platforms.Deploy.0 = Release|x86
		{DECDAAE8-8427-4CF2-94C8-79F00A67DE13}.Release|Win32.ActiveCfg = Release|x86
		{DECDAAE8-8427-4CF2-94C8-79F00A67DE13}.Release|Win32.Build.0 = Release|x86
		{DECDAAE8-8427-4CF2-94C8-79F00A67DE13}.Release|Win32.Deploy.0 = Release|x86
		{DECDAAE8-8427-4CF2-94C8-79F00A67DE13}.Release|x64.ActiveCfg = Release|Any CPU
		{DECDAAE8-8427-4CF2-94C8-79F00A67DE13}.Release|x86.ActiveCfg = Release|x86
		{DECDAAE8-8427-4CF2-94C8-79F00A67DE13}.Release|x86.Build.0 = Release|x86
		{DECDAAE8-8427-4CF2-94C8-79F00A67DE13}.Release|x86.Deploy.0 = Release|x86
		{53003A0F-26C2-4BCC-8E8D-3810706CAC52}.Debug|Any CPU.ActiveCfg = Debug|Any CPU
		{53003A0F-26C2-4BCC-8E8D-3810706CAC52}.Debug|Any CPU.Build.0 = Debug|Any CPU
		{53003A0F-26C2-4BCC-8E8D-3810706CAC52}.Debug|ARM.ActiveCfg = Debug|Any CPU
		{53003A0F-26C2-4BCC-8E8D-3810706CAC52}.Debug|Mixed Platforms.ActiveCfg = Debug|Any CPU
		{53003A0F-26C2-4BCC-8E8D-3810706CAC52}.Debug|Mixed Platforms.Build.0 = Debug|Any CPU
		{53003A0F-26C2-4BCC-8E8D-3810706CAC52}.Debug|Win32.ActiveCfg = Debug|Any CPU
		{53003A0F-26C2-4BCC-8E8D-3810706CAC52}.Debug|x64.ActiveCfg = Debug|Any CPU
		{53003A0F-26C2-4BCC-8E8D-3810706CAC52}.Debug|x86.ActiveCfg = Debug|Any CPU
		{53003A0F-26C2-4BCC-8E8D-3810706CAC52}.Release|Any CPU.ActiveCfg = Release|Any CPU
		{53003A0F-26C2-4BCC-8E8D-3810706CAC52}.Release|Any CPU.Build.0 = Release|Any CPU
		{53003A0F-26C2-4BCC-8E8D-3810706CAC52}.Release|ARM.ActiveCfg = Release|Any CPU
		{53003A0F-26C2-4BCC-8E8D-3810706CAC52}.Release|Mixed Platforms.ActiveCfg = Release|Any CPU
		{53003A0F-26C2-4BCC-8E8D-3810706CAC52}.Release|Mixed Platforms.Build.0 = Release|Any CPU
		{53003A0F-26C2-4BCC-8E8D-3810706CAC52}.Release|Win32.ActiveCfg = Release|Any CPU
		{53003A0F-26C2-4BCC-8E8D-3810706CAC52}.Release|x64.ActiveCfg = Release|Any CPU
		{53003A0F-26C2-4BCC-8E8D-3810706CAC52}.Release|x86.ActiveCfg = Release|Any CPU
		{5C4F896C-EEB1-4A47-B119-651B78383C62}.Debug|Any CPU.ActiveCfg = Debug|Any CPU
		{5C4F896C-EEB1-4A47-B119-651B78383C62}.Debug|Any CPU.Build.0 = Debug|Any CPU
		{5C4F896C-EEB1-4A47-B119-651B78383C62}.Debug|Any CPU.Deploy.0 = Debug|Any CPU
		{5C4F896C-EEB1-4A47-B119-651B78383C62}.Debug|ARM.ActiveCfg = Debug|ARM
		{5C4F896C-EEB1-4A47-B119-651B78383C62}.Debug|ARM.Build.0 = Debug|ARM
		{5C4F896C-EEB1-4A47-B119-651B78383C62}.Debug|ARM.Deploy.0 = Debug|ARM
		{5C4F896C-EEB1-4A47-B119-651B78383C62}.Debug|Mixed Platforms.ActiveCfg = Debug|x86
		{5C4F896C-EEB1-4A47-B119-651B78383C62}.Debug|Mixed Platforms.Build.0 = Debug|x86
		{5C4F896C-EEB1-4A47-B119-651B78383C62}.Debug|Mixed Platforms.Deploy.0 = Debug|x86
		{5C4F896C-EEB1-4A47-B119-651B78383C62}.Debug|Win32.ActiveCfg = Debug|x86
		{5C4F896C-EEB1-4A47-B119-651B78383C62}.Debug|Win32.Build.0 = Debug|x86
		{5C4F896C-EEB1-4A47-B119-651B78383C62}.Debug|Win32.Deploy.0 = Debug|x86
		{5C4F896C-EEB1-4A47-B119-651B78383C62}.Debug|x64.ActiveCfg = Debug|x64
		{5C4F896C-EEB1-4A47-B119-651B78383C62}.Debug|x64.Build.0 = Debug|x64
		{5C4F896C-EEB1-4A47-B119-651B78383C62}.Debug|x64.Deploy.0 = Debug|x64
		{5C4F896C-EEB1-4A47-B119-651B78383C62}.Debug|x86.ActiveCfg = Debug|x86
		{5C4F896C-EEB1-4A47-B119-651B78383C62}.Debug|x86.Build.0 = Debug|x86
		{5C4F896C-EEB1-4A47-B119-651B78383C62}.Debug|x86.Deploy.0 = Debug|x86
		{5C4F896C-EEB1-4A47-B119-651B78383C62}.Release|Any CPU.ActiveCfg = Release|Any CPU
		{5C4F896C-EEB1-4A47-B119-651B78383C62}.Release|Any CPU.Build.0 = Release|Any CPU
		{5C4F896C-EEB1-4A47-B119-651B78383C62}.Release|Any CPU.Deploy.0 = Release|Any CPU
		{5C4F896C-EEB1-4A47-B119-651B78383C62}.Release|ARM.ActiveCfg = Release|ARM
		{5C4F896C-EEB1-4A47-B119-651B78383C62}.Release|ARM.Build.0 = Release|ARM
		{5C4F896C-EEB1-4A47-B119-651B78383C62}.Release|ARM.Deploy.0 = Release|ARM
		{5C4F896C-EEB1-4A47-B119-651B78383C62}.Release|Mixed Platforms.ActiveCfg = Release|x86
		{5C4F896C-EEB1-4A47-B119-651B78383C62}.Release|Mixed Platforms.Build.0 = Release|x86
		{5C4F896C-EEB1-4A47-B119-651B78383C62}.Release|Mixed Platforms.Deploy.0 = Release|x86
		{5C4F896C-EEB1-4A47-B119-651B78383C62}.Release|Win32.ActiveCfg = Release|x86
		{5C4F896C-EEB1-4A47-B119-651B78383C62}.Release|Win32.Build.0 = Release|x86
		{5C4F896C-EEB1-4A47-B119-651B78383C62}.Release|Win32.Deploy.0 = Release|x86
		{5C4F896C-EEB1-4A47-B119-651B78383C62}.Release|x64.ActiveCfg = Release|x64
		{5C4F896C-EEB1-4A47-B119-651B78383C62}.Release|x64.Build.0 = Release|x64
		{5C4F896C-EEB1-4A47-B119-651B78383C62}.Release|x64.Deploy.0 = Release|x64
		{5C4F896C-EEB1-4A47-B119-651B78383C62}.Release|x86.ActiveCfg = Release|x86
		{5C4F896C-EEB1-4A47-B119-651B78383C62}.Release|x86.Build.0 = Release|x86
		{5C4F896C-EEB1-4A47-B119-651B78383C62}.Release|x86.Deploy.0 = Release|x86
		{08DFD19B-2C9F-48D7-9D94-50A02F6EAD83}.Debug|Any CPU.ActiveCfg = Debug|Any CPU
		{08DFD19B-2C9F-48D7-9D94-50A02F6EAD83}.Debug|Any CPU.Build.0 = Debug|Any CPU
		{08DFD19B-2C9F-48D7-9D94-50A02F6EAD83}.Debug|Any CPU.Deploy.0 = Debug|Any CPU
		{08DFD19B-2C9F-48D7-9D94-50A02F6EAD83}.Debug|ARM.ActiveCfg = Debug|ARM
		{08DFD19B-2C9F-48D7-9D94-50A02F6EAD83}.Debug|ARM.Build.0 = Debug|ARM
		{08DFD19B-2C9F-48D7-9D94-50A02F6EAD83}.Debug|ARM.Deploy.0 = Debug|ARM
		{08DFD19B-2C9F-48D7-9D94-50A02F6EAD83}.Debug|Mixed Platforms.ActiveCfg = Debug|x86
		{08DFD19B-2C9F-48D7-9D94-50A02F6EAD83}.Debug|Mixed Platforms.Build.0 = Debug|x86
		{08DFD19B-2C9F-48D7-9D94-50A02F6EAD83}.Debug|Mixed Platforms.Deploy.0 = Debug|x86
		{08DFD19B-2C9F-48D7-9D94-50A02F6EAD83}.Debug|Win32.ActiveCfg = Debug|x86
		{08DFD19B-2C9F-48D7-9D94-50A02F6EAD83}.Debug|Win32.Build.0 = Debug|x86
		{08DFD19B-2C9F-48D7-9D94-50A02F6EAD83}.Debug|Win32.Deploy.0 = Debug|x86
		{08DFD19B-2C9F-48D7-9D94-50A02F6EAD83}.Debug|x64.ActiveCfg = Debug|x64
		{08DFD19B-2C9F-48D7-9D94-50A02F6EAD83}.Debug|x64.Build.0 = Debug|x64
		{08DFD19B-2C9F-48D7-9D94-50A02F6EAD83}.Debug|x64.Deploy.0 = Debug|x64
		{08DFD19B-2C9F-48D7-9D94-50A02F6EAD83}.Debug|x86.ActiveCfg = Debug|x86
		{08DFD19B-2C9F-48D7-9D94-50A02F6EAD83}.Debug|x86.Build.0 = Debug|x86
		{08DFD19B-2C9F-48D7-9D94-50A02F6EAD83}.Debug|x86.Deploy.0 = Debug|x86
		{08DFD19B-2C9F-48D7-9D94-50A02F6EAD83}.Release|Any CPU.ActiveCfg = Release|Any CPU
		{08DFD19B-2C9F-48D7-9D94-50A02F6EAD83}.Release|Any CPU.Build.0 = Release|Any CPU
		{08DFD19B-2C9F-48D7-9D94-50A02F6EAD83}.Release|Any CPU.Deploy.0 = Release|Any CPU
		{08DFD19B-2C9F-48D7-9D94-50A02F6EAD83}.Release|ARM.ActiveCfg = Release|ARM
		{08DFD19B-2C9F-48D7-9D94-50A02F6EAD83}.Release|ARM.Build.0 = Release|ARM
		{08DFD19B-2C9F-48D7-9D94-50A02F6EAD83}.Release|ARM.Deploy.0 = Release|ARM
		{08DFD19B-2C9F-48D7-9D94-50A02F6EAD83}.Release|Mixed Platforms.ActiveCfg = Release|x86
		{08DFD19B-2C9F-48D7-9D94-50A02F6EAD83}.Release|Mixed Platforms.Build.0 = Release|x86
		{08DFD19B-2C9F-48D7-9D94-50A02F6EAD83}.Release|Mixed Platforms.Deploy.0 = Release|x86
		{08DFD19B-2C9F-48D7-9D94-50A02F6EAD83}.Release|Win32.ActiveCfg = Release|x86
		{08DFD19B-2C9F-48D7-9D94-50A02F6EAD83}.Release|Win32.Build.0 = Release|x86
		{08DFD19B-2C9F-48D7-9D94-50A02F6EAD83}.Release|Win32.Deploy.0 = Release|x86
		{08DFD19B-2C9F-48D7-9D94-50A02F6EAD83}.Release|x64.ActiveCfg = Release|x64
		{08DFD19B-2C9F-48D7-9D94-50A02F6EAD83}.Release|x64.Build.0 = Release|x64
		{08DFD19B-2C9F-48D7-9D94-50A02F6EAD83}.Release|x64.Deploy.0 = Release|x64
		{08DFD19B-2C9F-48D7-9D94-50A02F6EAD83}.Release|x86.ActiveCfg = Release|x86
		{08DFD19B-2C9F-48D7-9D94-50A02F6EAD83}.Release|x86.Build.0 = Release|x86
		{08DFD19B-2C9F-48D7-9D94-50A02F6EAD83}.Release|x86.Deploy.0 = Release|x86
		{87A58E96-92E9-4684-8329-06032BAC3BA7}.Debug|Any CPU.ActiveCfg = Debug|Any CPU
		{87A58E96-92E9-4684-8329-06032BAC3BA7}.Debug|Any CPU.Build.0 = Debug|Any CPU
		{87A58E96-92E9-4684-8329-06032BAC3BA7}.Debug|Any CPU.Deploy.0 = Debug|Any CPU
		{87A58E96-92E9-4684-8329-06032BAC3BA7}.Debug|ARM.ActiveCfg = Debug|ARM
		{87A58E96-92E9-4684-8329-06032BAC3BA7}.Debug|ARM.Build.0 = Debug|ARM
		{87A58E96-92E9-4684-8329-06032BAC3BA7}.Debug|ARM.Deploy.0 = Debug|ARM
		{87A58E96-92E9-4684-8329-06032BAC3BA7}.Debug|Mixed Platforms.ActiveCfg = Debug|x86
		{87A58E96-92E9-4684-8329-06032BAC3BA7}.Debug|Mixed Platforms.Build.0 = Debug|x86
		{87A58E96-92E9-4684-8329-06032BAC3BA7}.Debug|Mixed Platforms.Deploy.0 = Debug|x86
		{87A58E96-92E9-4684-8329-06032BAC3BA7}.Debug|Win32.ActiveCfg = Debug|x86
		{87A58E96-92E9-4684-8329-06032BAC3BA7}.Debug|Win32.Build.0 = Debug|x86
		{87A58E96-92E9-4684-8329-06032BAC3BA7}.Debug|Win32.Deploy.0 = Debug|x86
		{87A58E96-92E9-4684-8329-06032BAC3BA7}.Debug|x64.ActiveCfg = Debug|Any CPU
		{87A58E96-92E9-4684-8329-06032BAC3BA7}.Debug|x86.ActiveCfg = Debug|x86
		{87A58E96-92E9-4684-8329-06032BAC3BA7}.Debug|x86.Build.0 = Debug|x86
		{87A58E96-92E9-4684-8329-06032BAC3BA7}.Debug|x86.Deploy.0 = Debug|x86
		{87A58E96-92E9-4684-8329-06032BAC3BA7}.Release|Any CPU.ActiveCfg = Release|Any CPU
		{87A58E96-92E9-4684-8329-06032BAC3BA7}.Release|Any CPU.Build.0 = Release|Any CPU
		{87A58E96-92E9-4684-8329-06032BAC3BA7}.Release|Any CPU.Deploy.0 = Release|Any CPU
		{87A58E96-92E9-4684-8329-06032BAC3BA7}.Release|ARM.ActiveCfg = Release|ARM
		{87A58E96-92E9-4684-8329-06032BAC3BA7}.Release|ARM.Build.0 = Release|ARM
		{87A58E96-92E9-4684-8329-06032BAC3BA7}.Release|ARM.Deploy.0 = Release|ARM
		{87A58E96-92E9-4684-8329-06032BAC3BA7}.Release|Mixed Platforms.ActiveCfg = Release|x86
		{87A58E96-92E9-4684-8329-06032BAC3BA7}.Release|Mixed Platforms.Build.0 = Release|x86
		{87A58E96-92E9-4684-8329-06032BAC3BA7}.Release|Mixed Platforms.Deploy.0 = Release|x86
		{87A58E96-92E9-4684-8329-06032BAC3BA7}.Release|Win32.ActiveCfg = Release|x86
		{87A58E96-92E9-4684-8329-06032BAC3BA7}.Release|Win32.Build.0 = Release|x86
		{87A58E96-92E9-4684-8329-06032BAC3BA7}.Release|Win32.Deploy.0 = Release|x86
		{87A58E96-92E9-4684-8329-06032BAC3BA7}.Release|x64.ActiveCfg = Release|Any CPU
		{87A58E96-92E9-4684-8329-06032BAC3BA7}.Release|x86.ActiveCfg = Release|x86
		{87A58E96-92E9-4684-8329-06032BAC3BA7}.Release|x86.Build.0 = Release|x86
		{87A58E96-92E9-4684-8329-06032BAC3BA7}.Release|x86.Deploy.0 = Release|x86
		{99A48863-FBC6-4B86-9FEE-A7B2AE2886EE}.Debug|Any CPU.ActiveCfg = Debug|Any CPU
		{99A48863-FBC6-4B86-9FEE-A7B2AE2886EE}.Debug|Any CPU.Build.0 = Debug|Any CPU
		{99A48863-FBC6-4B86-9FEE-A7B2AE2886EE}.Debug|Any CPU.Deploy.0 = Debug|Any CPU
		{99A48863-FBC6-4B86-9FEE-A7B2AE2886EE}.Debug|ARM.ActiveCfg = Debug|ARM
		{99A48863-FBC6-4B86-9FEE-A7B2AE2886EE}.Debug|ARM.Build.0 = Debug|ARM
		{99A48863-FBC6-4B86-9FEE-A7B2AE2886EE}.Debug|ARM.Deploy.0 = Debug|ARM
		{99A48863-FBC6-4B86-9FEE-A7B2AE2886EE}.Debug|Mixed Platforms.ActiveCfg = Debug|x86
		{99A48863-FBC6-4B86-9FEE-A7B2AE2886EE}.Debug|Mixed Platforms.Build.0 = Debug|x86
		{99A48863-FBC6-4B86-9FEE-A7B2AE2886EE}.Debug|Mixed Platforms.Deploy.0 = Debug|x86
		{99A48863-FBC6-4B86-9FEE-A7B2AE2886EE}.Debug|Win32.ActiveCfg = Debug|x86
		{99A48863-FBC6-4B86-9FEE-A7B2AE2886EE}.Debug|Win32.Build.0 = Debug|x86
		{99A48863-FBC6-4B86-9FEE-A7B2AE2886EE}.Debug|Win32.Deploy.0 = Debug|x86
		{99A48863-FBC6-4B86-9FEE-A7B2AE2886EE}.Debug|x64.ActiveCfg = Debug|Any CPU
		{99A48863-FBC6-4B86-9FEE-A7B2AE2886EE}.Debug|x86.ActiveCfg = Debug|x86
		{99A48863-FBC6-4B86-9FEE-A7B2AE2886EE}.Debug|x86.Build.0 = Debug|x86
		{99A48863-FBC6-4B86-9FEE-A7B2AE2886EE}.Debug|x86.Deploy.0 = Debug|x86
		{99A48863-FBC6-4B86-9FEE-A7B2AE2886EE}.Release|Any CPU.ActiveCfg = Release|Any CPU
		{99A48863-FBC6-4B86-9FEE-A7B2AE2886EE}.Release|Any CPU.Build.0 = Release|Any CPU
		{99A48863-FBC6-4B86-9FEE-A7B2AE2886EE}.Release|Any CPU.Deploy.0 = Release|Any CPU
		{99A48863-FBC6-4B86-9FEE-A7B2AE2886EE}.Release|ARM.ActiveCfg = Release|ARM
		{99A48863-FBC6-4B86-9FEE-A7B2AE2886EE}.Release|ARM.Build.0 = Release|ARM
		{99A48863-FBC6-4B86-9FEE-A7B2AE2886EE}.Release|ARM.Deploy.0 = Release|ARM
		{99A48863-FBC6-4B86-9FEE-A7B2AE2886EE}.Release|Mixed Platforms.ActiveCfg = Release|x86
		{99A48863-FBC6-4B86-9FEE-A7B2AE2886EE}.Release|Mixed Platforms.Build.0 = Release|x86
		{99A48863-FBC6-4B86-9FEE-A7B2AE2886EE}.Release|Mixed Platforms.Deploy.0 = Release|x86
		{99A48863-FBC6-4B86-9FEE-A7B2AE2886EE}.Release|Win32.ActiveCfg = Release|x86
		{99A48863-FBC6-4B86-9FEE-A7B2AE2886EE}.Release|Win32.Build.0 = Release|x86
		{99A48863-FBC6-4B86-9FEE-A7B2AE2886EE}.Release|Win32.Deploy.0 = Release|x86
		{99A48863-FBC6-4B86-9FEE-A7B2AE2886EE}.Release|x64.ActiveCfg = Release|Any CPU
		{99A48863-FBC6-4B86-9FEE-A7B2AE2886EE}.Release|x86.ActiveCfg = Release|x86
		{99A48863-FBC6-4B86-9FEE-A7B2AE2886EE}.Release|x86.Build.0 = Release|x86
		{99A48863-FBC6-4B86-9FEE-A7B2AE2886EE}.Release|x86.Deploy.0 = Release|x86
		{4C36935A-CFF6-4EA4-A516-81065BC71773}.Debug|Any CPU.ActiveCfg = Debug|Any CPU
		{4C36935A-CFF6-4EA4-A516-81065BC71773}.Debug|Any CPU.Build.0 = Debug|Any CPU
		{4C36935A-CFF6-4EA4-A516-81065BC71773}.Debug|Any CPU.Deploy.0 = Debug|Any CPU
		{4C36935A-CFF6-4EA4-A516-81065BC71773}.Debug|ARM.ActiveCfg = Debug|ARM
		{4C36935A-CFF6-4EA4-A516-81065BC71773}.Debug|ARM.Build.0 = Debug|ARM
		{4C36935A-CFF6-4EA4-A516-81065BC71773}.Debug|ARM.Deploy.0 = Debug|ARM
		{4C36935A-CFF6-4EA4-A516-81065BC71773}.Debug|Mixed Platforms.ActiveCfg = Debug|x86
		{4C36935A-CFF6-4EA4-A516-81065BC71773}.Debug|Mixed Platforms.Build.0 = Debug|x86
		{4C36935A-CFF6-4EA4-A516-81065BC71773}.Debug|Mixed Platforms.Deploy.0 = Debug|x86
		{4C36935A-CFF6-4EA4-A516-81065BC71773}.Debug|Win32.ActiveCfg = Debug|x86
		{4C36935A-CFF6-4EA4-A516-81065BC71773}.Debug|Win32.Build.0 = Debug|x86
		{4C36935A-CFF6-4EA4-A516-81065BC71773}.Debug|Win32.Deploy.0 = Debug|x86
		{4C36935A-CFF6-4EA4-A516-81065BC71773}.Debug|x64.ActiveCfg = Debug|x64
		{4C36935A-CFF6-4EA4-A516-81065BC71773}.Debug|x64.Build.0 = Debug|x64
		{4C36935A-CFF6-4EA4-A516-81065BC71773}.Debug|x64.Deploy.0 = Debug|x64
		{4C36935A-CFF6-4EA4-A516-81065BC71773}.Debug|x86.ActiveCfg = Debug|x86
		{4C36935A-CFF6-4EA4-A516-81065BC71773}.Debug|x86.Build.0 = Debug|x86
		{4C36935A-CFF6-4EA4-A516-81065BC71773}.Debug|x86.Deploy.0 = Debug|x86
		{4C36935A-CFF6-4EA4-A516-81065BC71773}.Release|Any CPU.ActiveCfg = Release|Any CPU
		{4C36935A-CFF6-4EA4-A516-81065BC71773}.Release|Any CPU.Build.0 = Release|Any CPU
		{4C36935A-CFF6-4EA4-A516-81065BC71773}.Release|Any CPU.Deploy.0 = Release|Any CPU
		{4C36935A-CFF6-4EA4-A516-81065BC71773}.Release|ARM.ActiveCfg = Release|ARM
		{4C36935A-CFF6-4EA4-A516-81065BC71773}.Release|ARM.Build.0 = Release|ARM
		{4C36935A-CFF6-4EA4-A516-81065BC71773}.Release|ARM.Deploy.0 = Release|ARM
		{4C36935A-CFF6-4EA4-A516-81065BC71773}.Release|Mixed Platforms.ActiveCfg = Release|x86
		{4C36935A-CFF6-4EA4-A516-81065BC71773}.Release|Mixed Platforms.Build.0 = Release|x86
		{4C36935A-CFF6-4EA4-A516-81065BC71773}.Release|Mixed Platforms.Deploy.0 = Release|x86
		{4C36935A-CFF6-4EA4-A516-81065BC71773}.Release|Win32.ActiveCfg = Release|x86
		{4C36935A-CFF6-4EA4-A516-81065BC71773}.Release|Win32.Build.0 = Release|x86
		{4C36935A-CFF6-4EA4-A516-81065BC71773}.Release|Win32.Deploy.0 = Release|x86
		{4C36935A-CFF6-4EA4-A516-81065BC71773}.Release|x64.ActiveCfg = Release|x64
		{4C36935A-CFF6-4EA4-A516-81065BC71773}.Release|x64.Build.0 = Release|x64
		{4C36935A-CFF6-4EA4-A516-81065BC71773}.Release|x64.Deploy.0 = Release|x64
		{4C36935A-CFF6-4EA4-A516-81065BC71773}.Release|x86.ActiveCfg = Release|x86
		{4C36935A-CFF6-4EA4-A516-81065BC71773}.Release|x86.Build.0 = Release|x86
		{4C36935A-CFF6-4EA4-A516-81065BC71773}.Release|x86.Deploy.0 = Release|x86
		{F29745F3-78B8-4604-9B06-E1151DDD7510}.Debug|Any CPU.ActiveCfg = Debug|Any CPU
		{F29745F3-78B8-4604-9B06-E1151DDD7510}.Debug|Any CPU.Build.0 = Debug|Any CPU
		{F29745F3-78B8-4604-9B06-E1151DDD7510}.Debug|ARM.ActiveCfg = Debug|Any CPU
		{F29745F3-78B8-4604-9B06-E1151DDD7510}.Debug|Mixed Platforms.ActiveCfg = Debug|Any CPU
		{F29745F3-78B8-4604-9B06-E1151DDD7510}.Debug|Mixed Platforms.Build.0 = Debug|Any CPU
		{F29745F3-78B8-4604-9B06-E1151DDD7510}.Debug|Win32.ActiveCfg = Debug|Any CPU
		{F29745F3-78B8-4604-9B06-E1151DDD7510}.Debug|x64.ActiveCfg = Debug|Any CPU
		{F29745F3-78B8-4604-9B06-E1151DDD7510}.Debug|x86.ActiveCfg = Debug|Any CPU
		{F29745F3-78B8-4604-9B06-E1151DDD7510}.Release|Any CPU.ActiveCfg = Release|Any CPU
		{F29745F3-78B8-4604-9B06-E1151DDD7510}.Release|Any CPU.Build.0 = Release|Any CPU
		{F29745F3-78B8-4604-9B06-E1151DDD7510}.Release|ARM.ActiveCfg = Release|Any CPU
		{F29745F3-78B8-4604-9B06-E1151DDD7510}.Release|Mixed Platforms.ActiveCfg = Release|Any CPU
		{F29745F3-78B8-4604-9B06-E1151DDD7510}.Release|Mixed Platforms.Build.0 = Release|Any CPU
		{F29745F3-78B8-4604-9B06-E1151DDD7510}.Release|Win32.ActiveCfg = Release|Any CPU
		{F29745F3-78B8-4604-9B06-E1151DDD7510}.Release|x64.ActiveCfg = Release|Any CPU
		{F29745F3-78B8-4604-9B06-E1151DDD7510}.Release|x86.ActiveCfg = Release|Any CPU
		{E47519E7-3208-4AF8-BA98-E5EFE39DBEAF}.Debug|Any CPU.ActiveCfg = Debug|Any CPU
		{E47519E7-3208-4AF8-BA98-E5EFE39DBEAF}.Debug|Any CPU.Build.0 = Debug|Any CPU
		{E47519E7-3208-4AF8-BA98-E5EFE39DBEAF}.Debug|ARM.ActiveCfg = Debug|ARM
		{E47519E7-3208-4AF8-BA98-E5EFE39DBEAF}.Debug|ARM.Build.0 = Debug|ARM
		{E47519E7-3208-4AF8-BA98-E5EFE39DBEAF}.Debug|Mixed Platforms.ActiveCfg = Debug|x86
		{E47519E7-3208-4AF8-BA98-E5EFE39DBEAF}.Debug|Mixed Platforms.Build.0 = Debug|x86
		{E47519E7-3208-4AF8-BA98-E5EFE39DBEAF}.Debug|Win32.ActiveCfg = Debug|x86
		{E47519E7-3208-4AF8-BA98-E5EFE39DBEAF}.Debug|Win32.Build.0 = Debug|x86
		{E47519E7-3208-4AF8-BA98-E5EFE39DBEAF}.Debug|x64.ActiveCfg = Debug|x64
		{E47519E7-3208-4AF8-BA98-E5EFE39DBEAF}.Debug|x64.Build.0 = Debug|x64
		{E47519E7-3208-4AF8-BA98-E5EFE39DBEAF}.Debug|x86.ActiveCfg = Debug|x86
		{E47519E7-3208-4AF8-BA98-E5EFE39DBEAF}.Debug|x86.Build.0 = Debug|x86
		{E47519E7-3208-4AF8-BA98-E5EFE39DBEAF}.Release|Any CPU.ActiveCfg = Release|Any CPU
		{E47519E7-3208-4AF8-BA98-E5EFE39DBEAF}.Release|Any CPU.Build.0 = Release|Any CPU
		{E47519E7-3208-4AF8-BA98-E5EFE39DBEAF}.Release|ARM.ActiveCfg = Release|ARM
		{E47519E7-3208-4AF8-BA98-E5EFE39DBEAF}.Release|ARM.Build.0 = Release|ARM
		{E47519E7-3208-4AF8-BA98-E5EFE39DBEAF}.Release|Mixed Platforms.ActiveCfg = Release|x86
		{E47519E7-3208-4AF8-BA98-E5EFE39DBEAF}.Release|Mixed Platforms.Build.0 = Release|x86
		{E47519E7-3208-4AF8-BA98-E5EFE39DBEAF}.Release|Win32.ActiveCfg = Release|x86
		{E47519E7-3208-4AF8-BA98-E5EFE39DBEAF}.Release|Win32.Build.0 = Release|x86
		{E47519E7-3208-4AF8-BA98-E5EFE39DBEAF}.Release|x64.ActiveCfg = Release|x64
		{E47519E7-3208-4AF8-BA98-E5EFE39DBEAF}.Release|x64.Build.0 = Release|x64
		{E47519E7-3208-4AF8-BA98-E5EFE39DBEAF}.Release|x86.ActiveCfg = Release|x86
		{E47519E7-3208-4AF8-BA98-E5EFE39DBEAF}.Release|x86.Build.0 = Release|x86
		{79EB480A-F6A4-421E-AD72-6803C8472BA2}.Debug|Any CPU.ActiveCfg = Debug|Any CPU
		{79EB480A-F6A4-421E-AD72-6803C8472BA2}.Debug|Any CPU.Build.0 = Debug|Any CPU
		{79EB480A-F6A4-421E-AD72-6803C8472BA2}.Debug|Any CPU.Deploy.0 = Debug|Any CPU
		{79EB480A-F6A4-421E-AD72-6803C8472BA2}.Debug|ARM.ActiveCfg = Debug|ARM
		{79EB480A-F6A4-421E-AD72-6803C8472BA2}.Debug|ARM.Build.0 = Debug|ARM
		{79EB480A-F6A4-421E-AD72-6803C8472BA2}.Debug|ARM.Deploy.0 = Debug|ARM
		{79EB480A-F6A4-421E-AD72-6803C8472BA2}.Debug|Mixed Platforms.ActiveCfg = Debug|x86
		{79EB480A-F6A4-421E-AD72-6803C8472BA2}.Debug|Mixed Platforms.Build.0 = Debug|x86
		{79EB480A-F6A4-421E-AD72-6803C8472BA2}.Debug|Mixed Platforms.Deploy.0 = Debug|x86
		{79EB480A-F6A4-421E-AD72-6803C8472BA2}.Debug|Win32.ActiveCfg = Debug|x86
		{79EB480A-F6A4-421E-AD72-6803C8472BA2}.Debug|Win32.Build.0 = Debug|x86
		{79EB480A-F6A4-421E-AD72-6803C8472BA2}.Debug|Win32.Deploy.0 = Debug|x86
		{79EB480A-F6A4-421E-AD72-6803C8472BA2}.Debug|x64.ActiveCfg = Debug|x64
		{79EB480A-F6A4-421E-AD72-6803C8472BA2}.Debug|x64.Build.0 = Debug|x64
		{79EB480A-F6A4-421E-AD72-6803C8472BA2}.Debug|x64.Deploy.0 = Debug|x64
		{79EB480A-F6A4-421E-AD72-6803C8472BA2}.Debug|x86.ActiveCfg = Debug|x86
		{79EB480A-F6A4-421E-AD72-6803C8472BA2}.Debug|x86.Build.0 = Debug|x86
		{79EB480A-F6A4-421E-AD72-6803C8472BA2}.Debug|x86.Deploy.0 = Debug|x86
		{79EB480A-F6A4-421E-AD72-6803C8472BA2}.Release|Any CPU.ActiveCfg = Release|Any CPU
		{79EB480A-F6A4-421E-AD72-6803C8472BA2}.Release|Any CPU.Build.0 = Release|Any CPU
		{79EB480A-F6A4-421E-AD72-6803C8472BA2}.Release|Any CPU.Deploy.0 = Release|Any CPU
		{79EB480A-F6A4-421E-AD72-6803C8472BA2}.Release|ARM.ActiveCfg = Release|ARM
		{79EB480A-F6A4-421E-AD72-6803C8472BA2}.Release|ARM.Build.0 = Release|ARM
		{79EB480A-F6A4-421E-AD72-6803C8472BA2}.Release|ARM.Deploy.0 = Release|ARM
		{79EB480A-F6A4-421E-AD72-6803C8472BA2}.Release|Mixed Platforms.ActiveCfg = Release|x86
		{79EB480A-F6A4-421E-AD72-6803C8472BA2}.Release|Mixed Platforms.Build.0 = Release|x86
		{79EB480A-F6A4-421E-AD72-6803C8472BA2}.Release|Mixed Platforms.Deploy.0 = Release|x86
		{79EB480A-F6A4-421E-AD72-6803C8472BA2}.Release|Win32.ActiveCfg = Release|x86
		{79EB480A-F6A4-421E-AD72-6803C8472BA2}.Release|Win32.Build.0 = Release|x86
		{79EB480A-F6A4-421E-AD72-6803C8472BA2}.Release|Win32.Deploy.0 = Release|x86
		{79EB480A-F6A4-421E-AD72-6803C8472BA2}.Release|x64.ActiveCfg = Release|x64
		{79EB480A-F6A4-421E-AD72-6803C8472BA2}.Release|x64.Build.0 = Release|x64
		{79EB480A-F6A4-421E-AD72-6803C8472BA2}.Release|x64.Deploy.0 = Release|x64
		{79EB480A-F6A4-421E-AD72-6803C8472BA2}.Release|x86.ActiveCfg = Release|x86
		{79EB480A-F6A4-421E-AD72-6803C8472BA2}.Release|x86.Build.0 = Release|x86
		{79EB480A-F6A4-421E-AD72-6803C8472BA2}.Release|x86.Deploy.0 = Release|x86
		{C8891E3B-D2E8-44BA-B0C9-811AB6CA0ED9}.Debug|Any CPU.ActiveCfg = Debug|Any CPU
		{C8891E3B-D2E8-44BA-B0C9-811AB6CA0ED9}.Debug|Any CPU.Build.0 = Debug|Any CPU
		{C8891E3B-D2E8-44BA-B0C9-811AB6CA0ED9}.Debug|ARM.ActiveCfg = Debug|ARM
		{C8891E3B-D2E8-44BA-B0C9-811AB6CA0ED9}.Debug|ARM.Build.0 = Debug|ARM
		{C8891E3B-D2E8-44BA-B0C9-811AB6CA0ED9}.Debug|Mixed Platforms.ActiveCfg = Debug|x86
		{C8891E3B-D2E8-44BA-B0C9-811AB6CA0ED9}.Debug|Mixed Platforms.Build.0 = Debug|x86
		{C8891E3B-D2E8-44BA-B0C9-811AB6CA0ED9}.Debug|Win32.ActiveCfg = Debug|x86
		{C8891E3B-D2E8-44BA-B0C9-811AB6CA0ED9}.Debug|Win32.Build.0 = Debug|x86
		{C8891E3B-D2E8-44BA-B0C9-811AB6CA0ED9}.Debug|x64.ActiveCfg = Debug|Any CPU
		{C8891E3B-D2E8-44BA-B0C9-811AB6CA0ED9}.Debug|x86.ActiveCfg = Debug|x86
		{C8891E3B-D2E8-44BA-B0C9-811AB6CA0ED9}.Debug|x86.Build.0 = Debug|x86
		{C8891E3B-D2E8-44BA-B0C9-811AB6CA0ED9}.Release|Any CPU.ActiveCfg = Release|Any CPU
		{C8891E3B-D2E8-44BA-B0C9-811AB6CA0ED9}.Release|Any CPU.Build.0 = Release|Any CPU
		{C8891E3B-D2E8-44BA-B0C9-811AB6CA0ED9}.Release|ARM.ActiveCfg = Release|ARM
		{C8891E3B-D2E8-44BA-B0C9-811AB6CA0ED9}.Release|ARM.Build.0 = Release|ARM
		{C8891E3B-D2E8-44BA-B0C9-811AB6CA0ED9}.Release|Mixed Platforms.ActiveCfg = Release|x86
		{C8891E3B-D2E8-44BA-B0C9-811AB6CA0ED9}.Release|Mixed Platforms.Build.0 = Release|x86
		{C8891E3B-D2E8-44BA-B0C9-811AB6CA0ED9}.Release|Win32.ActiveCfg = Release|x86
		{C8891E3B-D2E8-44BA-B0C9-811AB6CA0ED9}.Release|Win32.Build.0 = Release|x86
		{C8891E3B-D2E8-44BA-B0C9-811AB6CA0ED9}.Release|x64.ActiveCfg = Release|Any CPU
		{C8891E3B-D2E8-44BA-B0C9-811AB6CA0ED9}.Release|x86.ActiveCfg = Release|x86
		{C8891E3B-D2E8-44BA-B0C9-811AB6CA0ED9}.Release|x86.Build.0 = Release|x86
		{DC2D7FD4-B754-41EB-93AE-C420AB21A1A4}.Debug|Any CPU.ActiveCfg = Debug|Any CPU
		{DC2D7FD4-B754-41EB-93AE-C420AB21A1A4}.Debug|Any CPU.Build.0 = Debug|Any CPU
		{DC2D7FD4-B754-41EB-93AE-C420AB21A1A4}.Debug|Any CPU.Deploy.0 = Debug|Any CPU
		{DC2D7FD4-B754-41EB-93AE-C420AB21A1A4}.Debug|ARM.ActiveCfg = Debug|ARM
		{DC2D7FD4-B754-41EB-93AE-C420AB21A1A4}.Debug|ARM.Build.0 = Debug|ARM
		{DC2D7FD4-B754-41EB-93AE-C420AB21A1A4}.Debug|ARM.Deploy.0 = Debug|ARM
		{DC2D7FD4-B754-41EB-93AE-C420AB21A1A4}.Debug|Mixed Platforms.ActiveCfg = Debug|x86
		{DC2D7FD4-B754-41EB-93AE-C420AB21A1A4}.Debug|Mixed Platforms.Build.0 = Debug|x86
		{DC2D7FD4-B754-41EB-93AE-C420AB21A1A4}.Debug|Mixed Platforms.Deploy.0 = Debug|x86
		{DC2D7FD4-B754-41EB-93AE-C420AB21A1A4}.Debug|Win32.ActiveCfg = Debug|x86
		{DC2D7FD4-B754-41EB-93AE-C420AB21A1A4}.Debug|Win32.Build.0 = Debug|x86
		{DC2D7FD4-B754-41EB-93AE-C420AB21A1A4}.Debug|Win32.Deploy.0 = Debug|x86
		{DC2D7FD4-B754-41EB-93AE-C420AB21A1A4}.Debug|x64.ActiveCfg = Debug|Any CPU
		{DC2D7FD4-B754-41EB-93AE-C420AB21A1A4}.Debug|x86.ActiveCfg = Debug|x86
		{DC2D7FD4-B754-41EB-93AE-C420AB21A1A4}.Debug|x86.Build.0 = Debug|x86
		{DC2D7FD4-B754-41EB-93AE-C420AB21A1A4}.Debug|x86.Deploy.0 = Debug|x86
		{DC2D7FD4-B754-41EB-93AE-C420AB21A1A4}.Release|Any CPU.ActiveCfg = Release|Any CPU
		{DC2D7FD4-B754-41EB-93AE-C420AB21A1A4}.Release|Any CPU.Build.0 = Release|Any CPU
		{DC2D7FD4-B754-41EB-93AE-C420AB21A1A4}.Release|Any CPU.Deploy.0 = Release|Any CPU
		{DC2D7FD4-B754-41EB-93AE-C420AB21A1A4}.Release|ARM.ActiveCfg = Release|ARM
		{DC2D7FD4-B754-41EB-93AE-C420AB21A1A4}.Release|ARM.Build.0 = Release|ARM
		{DC2D7FD4-B754-41EB-93AE-C420AB21A1A4}.Release|ARM.Deploy.0 = Release|ARM
		{DC2D7FD4-B754-41EB-93AE-C420AB21A1A4}.Release|Mixed Platforms.ActiveCfg = Release|x86
		{DC2D7FD4-B754-41EB-93AE-C420AB21A1A4}.Release|Mixed Platforms.Build.0 = Release|x86
		{DC2D7FD4-B754-41EB-93AE-C420AB21A1A4}.Release|Mixed Platforms.Deploy.0 = Release|x86
		{DC2D7FD4-B754-41EB-93AE-C420AB21A1A4}.Release|Win32.ActiveCfg = Release|x86
		{DC2D7FD4-B754-41EB-93AE-C420AB21A1A4}.Release|Win32.Build.0 = Release|x86
		{DC2D7FD4-B754-41EB-93AE-C420AB21A1A4}.Release|Win32.Deploy.0 = Release|x86
		{DC2D7FD4-B754-41EB-93AE-C420AB21A1A4}.Release|x64.ActiveCfg = Release|Any CPU
		{DC2D7FD4-B754-41EB-93AE-C420AB21A1A4}.Release|x86.ActiveCfg = Release|x86
		{DC2D7FD4-B754-41EB-93AE-C420AB21A1A4}.Release|x86.Build.0 = Release|x86
		{DC2D7FD4-B754-41EB-93AE-C420AB21A1A4}.Release|x86.Deploy.0 = Release|x86
		{4373C15F-A365-4D2B-B97A-813A08EBA7FC}.Debug|Any CPU.ActiveCfg = Debug|Any CPU
		{4373C15F-A365-4D2B-B97A-813A08EBA7FC}.Debug|Any CPU.Build.0 = Debug|Any CPU
		{4373C15F-A365-4D2B-B97A-813A08EBA7FC}.Debug|Any CPU.Deploy.0 = Debug|Any CPU
		{4373C15F-A365-4D2B-B97A-813A08EBA7FC}.Debug|ARM.ActiveCfg = Debug|ARM
		{4373C15F-A365-4D2B-B97A-813A08EBA7FC}.Debug|ARM.Build.0 = Debug|ARM
		{4373C15F-A365-4D2B-B97A-813A08EBA7FC}.Debug|ARM.Deploy.0 = Debug|ARM
		{4373C15F-A365-4D2B-B97A-813A08EBA7FC}.Debug|Mixed Platforms.ActiveCfg = Debug|x86
		{4373C15F-A365-4D2B-B97A-813A08EBA7FC}.Debug|Mixed Platforms.Build.0 = Debug|x86
		{4373C15F-A365-4D2B-B97A-813A08EBA7FC}.Debug|Mixed Platforms.Deploy.0 = Debug|x86
		{4373C15F-A365-4D2B-B97A-813A08EBA7FC}.Debug|Win32.ActiveCfg = Debug|x86
		{4373C15F-A365-4D2B-B97A-813A08EBA7FC}.Debug|Win32.Build.0 = Debug|x86
		{4373C15F-A365-4D2B-B97A-813A08EBA7FC}.Debug|Win32.Deploy.0 = Debug|x86
		{4373C15F-A365-4D2B-B97A-813A08EBA7FC}.Debug|x64.ActiveCfg = Debug|Any CPU
		{4373C15F-A365-4D2B-B97A-813A08EBA7FC}.Debug|x86.ActiveCfg = Debug|x86
		{4373C15F-A365-4D2B-B97A-813A08EBA7FC}.Debug|x86.Build.0 = Debug|x86
		{4373C15F-A365-4D2B-B97A-813A08EBA7FC}.Debug|x86.Deploy.0 = Debug|x86
		{4373C15F-A365-4D2B-B97A-813A08EBA7FC}.Release|Any CPU.ActiveCfg = Release|Any CPU
		{4373C15F-A365-4D2B-B97A-813A08EBA7FC}.Release|Any CPU.Build.0 = Release|Any CPU
		{4373C15F-A365-4D2B-B97A-813A08EBA7FC}.Release|Any CPU.Deploy.0 = Release|Any CPU
		{4373C15F-A365-4D2B-B97A-813A08EBA7FC}.Release|ARM.ActiveCfg = Release|ARM
		{4373C15F-A365-4D2B-B97A-813A08EBA7FC}.Release|ARM.Build.0 = Release|ARM
		{4373C15F-A365-4D2B-B97A-813A08EBA7FC}.Release|ARM.Deploy.0 = Release|ARM
		{4373C15F-A365-4D2B-B97A-813A08EBA7FC}.Release|Mixed Platforms.ActiveCfg = Release|x86
		{4373C15F-A365-4D2B-B97A-813A08EBA7FC}.Release|Mixed Platforms.Build.0 = Release|x86
		{4373C15F-A365-4D2B-B97A-813A08EBA7FC}.Release|Mixed Platforms.Deploy.0 = Release|x86
		{4373C15F-A365-4D2B-B97A-813A08EBA7FC}.Release|Win32.ActiveCfg = Release|x86
		{4373C15F-A365-4D2B-B97A-813A08EBA7FC}.Release|Win32.Build.0 = Release|x86
		{4373C15F-A365-4D2B-B97A-813A08EBA7FC}.Release|Win32.Deploy.0 = Release|x86
		{4373C15F-A365-4D2B-B97A-813A08EBA7FC}.Release|x64.ActiveCfg = Release|Any CPU
		{4373C15F-A365-4D2B-B97A-813A08EBA7FC}.Release|x86.ActiveCfg = Release|x86
		{4373C15F-A365-4D2B-B97A-813A08EBA7FC}.Release|x86.Build.0 = Release|x86
		{4373C15F-A365-4D2B-B97A-813A08EBA7FC}.Release|x86.Deploy.0 = Release|x86
		{69012B87-FEA4-4409-8B03-D274D8F9EDFF}.Debug|Any CPU.ActiveCfg = Debug|Any CPU
		{69012B87-FEA4-4409-8B03-D274D8F9EDFF}.Debug|Any CPU.Build.0 = Debug|Any CPU
		{69012B87-FEA4-4409-8B03-D274D8F9EDFF}.Debug|Any CPU.Deploy.0 = Debug|Any CPU
		{69012B87-FEA4-4409-8B03-D274D8F9EDFF}.Debug|ARM.ActiveCfg = Debug|ARM
		{69012B87-FEA4-4409-8B03-D274D8F9EDFF}.Debug|ARM.Build.0 = Debug|ARM
		{69012B87-FEA4-4409-8B03-D274D8F9EDFF}.Debug|ARM.Deploy.0 = Debug|ARM
		{69012B87-FEA4-4409-8B03-D274D8F9EDFF}.Debug|Mixed Platforms.ActiveCfg = Debug|x86
		{69012B87-FEA4-4409-8B03-D274D8F9EDFF}.Debug|Mixed Platforms.Build.0 = Debug|x86
		{69012B87-FEA4-4409-8B03-D274D8F9EDFF}.Debug|Mixed Platforms.Deploy.0 = Debug|x86
		{69012B87-FEA4-4409-8B03-D274D8F9EDFF}.Debug|Win32.ActiveCfg = Debug|x86
		{69012B87-FEA4-4409-8B03-D274D8F9EDFF}.Debug|Win32.Build.0 = Debug|x86
		{69012B87-FEA4-4409-8B03-D274D8F9EDFF}.Debug|Win32.Deploy.0 = Debug|x86
		{69012B87-FEA4-4409-8B03-D274D8F9EDFF}.Debug|x64.ActiveCfg = Debug|x64
		{69012B87-FEA4-4409-8B03-D274D8F9EDFF}.Debug|x64.Build.0 = Debug|x64
		{69012B87-FEA4-4409-8B03-D274D8F9EDFF}.Debug|x64.Deploy.0 = Debug|x64
		{69012B87-FEA4-4409-8B03-D274D8F9EDFF}.Debug|x86.ActiveCfg = Debug|x86
		{69012B87-FEA4-4409-8B03-D274D8F9EDFF}.Debug|x86.Build.0 = Debug|x86
		{69012B87-FEA4-4409-8B03-D274D8F9EDFF}.Debug|x86.Deploy.0 = Debug|x86
		{69012B87-FEA4-4409-8B03-D274D8F9EDFF}.Release|Any CPU.ActiveCfg = Release|Any CPU
		{69012B87-FEA4-4409-8B03-D274D8F9EDFF}.Release|Any CPU.Build.0 = Release|Any CPU
		{69012B87-FEA4-4409-8B03-D274D8F9EDFF}.Release|Any CPU.Deploy.0 = Release|Any CPU
		{69012B87-FEA4-4409-8B03-D274D8F9EDFF}.Release|ARM.ActiveCfg = Release|ARM
		{69012B87-FEA4-4409-8B03-D274D8F9EDFF}.Release|ARM.Build.0 = Release|ARM
		{69012B87-FEA4-4409-8B03-D274D8F9EDFF}.Release|ARM.Deploy.0 = Release|ARM
		{69012B87-FEA4-4409-8B03-D274D8F9EDFF}.Release|Mixed Platforms.ActiveCfg = Release|x86
		{69012B87-FEA4-4409-8B03-D274D8F9EDFF}.Release|Mixed Platforms.Build.0 = Release|x86
		{69012B87-FEA4-4409-8B03-D274D8F9EDFF}.Release|Mixed Platforms.Deploy.0 = Release|x86
		{69012B87-FEA4-4409-8B03-D274D8F9EDFF}.Release|Win32.ActiveCfg = Release|x86
		{69012B87-FEA4-4409-8B03-D274D8F9EDFF}.Release|Win32.Build.0 = Release|x86
		{69012B87-FEA4-4409-8B03-D274D8F9EDFF}.Release|Win32.Deploy.0 = Release|x86
		{69012B87-FEA4-4409-8B03-D274D8F9EDFF}.Release|x64.ActiveCfg = Release|x64
		{69012B87-FEA4-4409-8B03-D274D8F9EDFF}.Release|x64.Build.0 = Release|x64
		{69012B87-FEA4-4409-8B03-D274D8F9EDFF}.Release|x64.Deploy.0 = Release|x64
		{69012B87-FEA4-4409-8B03-D274D8F9EDFF}.Release|x86.ActiveCfg = Release|x86
		{69012B87-FEA4-4409-8B03-D274D8F9EDFF}.Release|x86.Build.0 = Release|x86
		{69012B87-FEA4-4409-8B03-D274D8F9EDFF}.Release|x86.Deploy.0 = Release|x86
	EndGlobalSection
	GlobalSection(SolutionProperties) = preSolution
		HideSolutionNode = FALSE
	EndGlobalSection
	GlobalSection(NestedProjects) = preSolution
		{EBA2EA57-AE0B-475E-9CD0-D865A53073C4} = {73B863B8-5BD1-42D6-987F-76A0B23583C7}
		{822217CD-AC85-40E8-9F29-A2EFA4ACEA51} = {73B863B8-5BD1-42D6-987F-76A0B23583C7}
		{DECDAAE8-8427-4CF2-94C8-79F00A67DE13} = {B01C0C9B-F4A6-4724-9269-738C3FD76265}
		{5C4F896C-EEB1-4A47-B119-651B78383C62} = {B01C0C9B-F4A6-4724-9269-738C3FD76265}
		{53003A0F-26C2-4BCC-8E8D-3810706CAC52} = {362B2991-A75E-4457-B52F-55F5E51F7ABE}
		{99A48863-FBC6-4B86-9FEE-A7B2AE2886EE} = {362B2991-A75E-4457-B52F-55F5E51F7ABE}
		{4C36935A-CFF6-4EA4-A516-81065BC71773} = {362B2991-A75E-4457-B52F-55F5E51F7ABE}
		{08DFD19B-2C9F-48D7-9D94-50A02F6EAD83} = {B4B90AEF-A2C0-4675-A07C-340668AB62C6}
		{307D7BF2-5E4C-4BE0-B4E3-45D3DA16FF23} = {B4B90AEF-A2C0-4675-A07C-340668AB62C6}
		{87A58E96-92E9-4684-8329-06032BAC3BA7} = {B4B90AEF-A2C0-4675-A07C-340668AB62C6}
		{F29745F3-78B8-4604-9B06-E1151DDD7510} = {62489111-31AB-4EA4-84DD-48BC750A250C}
		{E47519E7-3208-4AF8-BA98-E5EFE39DBEAF} = {62489111-31AB-4EA4-84DD-48BC750A250C}
		{79EB480A-F6A4-421E-AD72-6803C8472BA2} = {62489111-31AB-4EA4-84DD-48BC750A250C}
		{C8891E3B-D2E8-44BA-B0C9-811AB6CA0ED9} = {62489111-31AB-4EA4-84DD-48BC750A250C}
		{DC2D7FD4-B754-41EB-93AE-C420AB21A1A4} = {62489111-31AB-4EA4-84DD-48BC750A250C}
		{4373C15F-A365-4D2B-B97A-813A08EBA7FC} = {84E8670A-F820-4B7C-AE5B-BCF01F508959}
		{69012B87-FEA4-4409-8B03-D274D8F9EDFF} = {84E8670A-F820-4B7C-AE5B-BCF01F508959}
	EndGlobalSection
EndGlobal
